{
  "version": 4,
  "terraform_version": "1.5.7",
  "serial": 19,
  "lineage": "4c7eaa01-e623-8ae7-f5bd-8b6a591184c2",
  "outputs": {
    "kms_key_id": {
      "value": "b8babe04-f522-4f09-a5b8-372d097b4e58",
      "type": "string"
    },
    "lambda_role_name": {
      "value": "lambda_s3_secure_role",
      "type": "string"
    },
    "s3_bucket_name": {
      "value": "secure-s3-lambda-secure-bucket",
      "type": "string"
    }
  },
  "resources": [
    {
      "mode": "managed",
      "type": "aws_kms_key",
      "name": "s3_encryption",
      "provider": "provider[\"registry.terraform.io/hashicorp/aws\"]",
      "instances": [
        {
          "schema_version": 0,
          "attributes": {
            "arn": "arn:aws:kms:us-east-1:626635400294:key/b8babe04-f522-4f09-a5b8-372d097b4e58",
            "bypass_policy_lockout_safety_check": false,
            "custom_key_store_id": "",
            "customer_master_key_spec": "SYMMETRIC_DEFAULT",
            "deletion_window_in_days": 10,
            "description": "KMS key for S3 bucket encryption",
            "enable_key_rotation": true,
            "id": "b8babe04-f522-4f09-a5b8-372d097b4e58",
            "is_enabled": true,
            "key_id": "b8babe04-f522-4f09-a5b8-372d097b4e58",
            "key_usage": "ENCRYPT_DECRYPT",
            "multi_region": false,
            "policy": "{\"Id\":\"key-default-1\",\"Statement\":[{\"Action\":\"kms:*\",\"Effect\":\"Allow\",\"Principal\":{\"AWS\":\"arn:aws:iam::626635400294:root\"},\"Resource\":\"*\",\"Sid\":\"Enable IAM User Permissions\"}],\"Version\":\"2012-10-17\"}",
            "rotation_period_in_days": 365,
            "tags": {},
            "tags_all": {},
            "timeouts": null,
            "xks_key_id": ""
          },
          "sensitive_attributes": [],
          "private": "eyJlMmJmYjczMC1lY2FhLTExZTYtOGY4OC0zNDM2M2JjN2M0YzAiOnsiY3JlYXRlIjoxMjAwMDAwMDAwMDB9fQ=="
        }
      ]
    },
    {
      "mode": "managed",
      "type": "aws_s3_bucket",
      "name": "logging",
      "provider": "provider[\"registry.terraform.io/hashicorp/aws\"]",
      "instances": [
        {
          "schema_version": 0,
          "attributes": {
            "acceleration_status": "",
            "acl": null,
            "arn": "arn:aws:s3:::secure-s3-lambda-logs",
            "bucket": "secure-s3-lambda-logs",
            "bucket_domain_name": "secure-s3-lambda-logs.s3.amazonaws.com",
            "bucket_prefix": "",
            "bucket_regional_domain_name": "secure-s3-lambda-logs.s3.us-east-1.amazonaws.com",
            "cors_rule": [],
            "force_destroy": true,
            "grant": [
              {
                "id": "2197ea7bf80095312741f292cc7d3e46f4a7701294112c6fee9a4a741e21d83a",
                "permissions": [
                  "FULL_CONTROL"
                ],
                "type": "CanonicalUser",
                "uri": ""
              }
            ],
            "hosted_zone_id": "Z3AQBSTGFYJSTF",
            "id": "secure-s3-lambda-logs",
            "lifecycle_rule": [],
            "logging": [],
            "object_lock_configuration": [],
            "object_lock_enabled": false,
            "policy": "",
            "region": "us-east-1",
            "replication_configuration": [],
            "request_payer": "BucketOwner",
            "server_side_encryption_configuration": [
              {
                "rule": [
                  {
                    "apply_server_side_encryption_by_default": [
                      {
                        "kms_master_key_id": "",
                        "sse_algorithm": "AES256"
                      }
                    ],
                    "bucket_key_enabled": false
                  }
                ]
              }
            ],
            "tags": {},
            "tags_all": {},
            "timeouts": null,
            "versioning": [
              {
                "enabled": false,
                "mfa_delete": false
              }
            ],
            "website": [],
            "website_domain": null,
            "website_endpoint": null
          },
          "sensitive_attributes": [],
          "private": "eyJlMmJmYjczMC1lY2FhLTExZTYtOGY4OC0zNDM2M2JjN2M0YzAiOnsiY3JlYXRlIjoxMjAwMDAwMDAwMDAwLCJkZWxldGUiOjM2MDAwMDAwMDAwMDAsInJlYWQiOjEyMDAwMDAwMDAwMDAsInVwZGF0ZSI6MTIwMDAwMDAwMDAwMH19"
        }
      ]
    },
    {
      "module": "module.lambda_iam_role",
      "mode": "managed",
      "type": "aws_iam_role",
      "name": "lambda_role",
      "provider": "provider[\"registry.terraform.io/hashicorp/aws\"]",
      "instances": [
        {
          "schema_version": 0,
          "attributes": {
            "arn": "arn:aws:iam::626635400294:role/lambda_s3_secure_role",
            "assume_role_policy": "{\"Statement\":[{\"Action\":\"sts:AssumeRole\",\"Effect\":\"Allow\",\"Principal\":{\"Service\":\"lambda.amazonaws.com\"}}],\"Version\":\"2012-10-17\"}",
            "create_date": "2025-10-27T00:11:21Z",
            "description": "",
            "force_detach_policies": false,
            "id": "lambda_s3_secure_role",
            "inline_policy": [],
            "managed_policy_arns": [
              "arn:aws:iam::aws:policy/service-role/AWSLambdaBasicExecutionRole"
            ],
            "max_session_duration": 3600,
            "name": "lambda_s3_secure_role",
            "name_prefix": "",
            "path": "/",
            "permissions_boundary": "",
            "tags": {},
            "tags_all": {},
            "unique_id": "AROAZDZTBMRTKYARZ26A2"
          },
          "sensitive_attributes": [],
          "private": "bnVsbA=="
        }
      ]
    },
    {
      "module": "module.lambda_iam_role",
      "mode": "managed",
      "type": "aws_iam_role_policy_attachment",
      "name": "basic_execution",
      "provider": "provider[\"registry.terraform.io/hashicorp/aws\"]",
      "instances": [
        {
          "schema_version": 0,
          "attributes": {
            "id": "lambda_s3_secure_role-20251027001121803400000001",
            "policy_arn": "arn:aws:iam::aws:policy/service-role/AWSLambdaBasicExecutionRole",
            "role": "lambda_s3_secure_role"
          },
          "sensitive_attributes": [],
          "private": "bnVsbA==",
          "dependencies": [
            "module.lambda_iam_role.aws_iam_role.lambda_role"
          ]
        }
      ]
    },
    {
      "module": "module.secure_s3_bucket",
      "mode": "managed",
      "type": "aws_cloudformation_stack_set",
      "name": "secure_s3_stackset",
      "provider": "provider[\"registry.terraform.io/hashicorp/aws\"]",
      "instances": [
        {
          "schema_version": 0,
          "attributes": {
            "administration_role_arn": "arn:aws:iam::626635400294:role/AWSCloudFormationStackSetAdministrationRole",
            "arn": "arn:aws:cloudformation:us-east-1:626635400294:stackset/secure-s3-lambda-stackset:fdeb9620-6f1f-4493-aa22-48852084fd76",
            "auto_deployment": [],
            "call_as": "SELF",
            "capabilities": [
              "CAPABILITY_NAMED_IAM"
            ],
            "description": "",
            "execution_role_name": "AWSCloudFormationStackSetExecutionRole",
            "id": "secure-s3-lambda-stackset",
            "managed_execution": [
              {
                "active": false
              }
            ],
            "name": "secure-s3-lambda-stackset",
            "operation_preferences": [],
            "parameters": {
              "BucketName": "secure-s3-lambda-secure-bucket",
              "LambdaExecutionRoleName": "lambda_s3_secure_role"
            },
            "permission_model": "SELF_MANAGED",
            "stack_set_id": "secure-s3-lambda-stackset:fdeb9620-6f1f-4493-aa22-48852084fd76",
            "tags": {},
            "tags_all": {},
            "template_body": "AWSTemplateFormatVersion: '2010-09-09'\nDescription: Secure S3 Bucket with IAM Role for Lambda\n\nParameters:\n  BucketName:\n    Type: String\n    Description: Name of the S3 bucket to create\n\n  LambdaExecutionRoleName:\n    Type: String\n    Description: Name of the IAM Role Lambda can assume\n\nResources:\n\n  SecureS3Bucket:\n    Type: AWS::S3::Bucket\n    Properties:\n      BucketName: !Ref BucketName\n      BucketEncryption:\n        ServerSideEncryptionConfiguration:\n          - ServerSideEncryptionByDefault:\n              SSEAlgorithm: aws:kms\n              KMSMasterKeyID: b8babe04-f522-4f09-a5b8-372d097b4e58\n      PublicAccessBlockConfiguration:\n        BlockPublicAcls: true\n        BlockPublicPolicy: true\n        IgnorePublicAcls: true\n        RestrictPublicBuckets: true\n      VersioningConfiguration:\n        Status: Enabled\n      LoggingConfiguration:\n        DestinationBucketName: !Ref BucketName\n        LogFilePrefix: \"access-logs/\"\n\n  LambdaIAMRole:\n    Type: AWS::IAM::Role\n    Properties:\n      RoleName: !Ref LambdaExecutionRoleName\n      AssumeRolePolicyDocument:\n        Version: \"2012-10-17\"\n        Statement:\n          - Effect: Allow\n            Principal:\n              Service: lambda.amazonaws.com\n            Action: sts:AssumeRole\n      ManagedPolicyArns:\n        - arn:aws:iam::aws:policy/service-role/AWSLambdaBasicExecutionRole\n      Policies:\n        - PolicyName: LambdaS3Access\n          PolicyDocument:\n            Version: \"2012-10-17\"\n            Statement:\n              - Effect: Allow\n                Action:\n                  - s3:GetObject\n                  - s3:PutObject\n                  - s3:ListBucket\n                Resource:\n                  - !Sub arn:aws:s3:::${BucketName}\n                  - !Sub arn:aws:s3:::${BucketName}/*\n\nOutputs:\n  BucketName:\n    Description: Name of the S3 bucket created\n    Value: !Ref SecureS3Bucket\n\n  LambdaRoleArn:\n    Description: ARN of the Lambda IAM Role\n    Value: !GetAtt LambdaIAMRole.Arn\n",
            "template_url": null,
            "timeouts": null
          },
          "sensitive_attributes": [],
          "private": "eyJlMmJmYjczMC1lY2FhLTExZTYtOGY4OC0zNDM2M2JjN2M0YzAiOnsidXBkYXRlIjoxODAwMDAwMDAwMDAwfX0="
        }
      ]
    },
    {
      "module": "module.secure_s3_bucket",
      "mode": "managed",
      "type": "aws_s3_bucket",
      "name": "this",
      "provider": "provider[\"registry.terraform.io/hashicorp/aws\"]",
      "instances": [
        {
          "schema_version": 0,
          "attributes": {
            "acceleration_status": "",
            "acl": "private",
            "arn": "arn:aws:s3:::secure-s3-lambda-secure-bucket",
            "bucket": "secure-s3-lambda-secure-bucket",
            "bucket_domain_name": "secure-s3-lambda-secure-bucket.s3.amazonaws.com",
            "bucket_prefix": "",
            "bucket_regional_domain_name": "secure-s3-lambda-secure-bucket.s3.us-east-1.amazonaws.com",
            "cors_rule": [],
            "force_destroy": false,
            "grant": [
              {
                "id": "2197ea7bf80095312741f292cc7d3e46f4a7701294112c6fee9a4a741e21d83a",
                "permissions": [
                  "FULL_CONTROL"
                ],
                "type": "CanonicalUser",
                "uri": ""
              }
            ],
            "hosted_zone_id": "Z3AQBSTGFYJSTF",
            "id": "secure-s3-lambda-secure-bucket",
            "lifecycle_rule": [],
            "logging": [
              {
                "target_bucket": "secure-s3-lambda-logs",
                "target_prefix": "access-logs/"
              }
            ],
            "object_lock_configuration": [],
            "object_lock_enabled": false,
            "policy": "",
            "region": "us-east-1",
            "replication_configuration": [],
            "request_payer": "BucketOwner",
            "server_side_encryption_configuration": [
              {
                "rule": [
                  {
                    "apply_server_side_encryption_by_default": [
                      {
                        "kms_master_key_id": "b8babe04-f522-4f09-a5b8-372d097b4e58",
                        "sse_algorithm": "aws:kms"
                      }
                    ],
                    "bucket_key_enabled": false
                  }
                ]
              }
            ],
            "tags": {
              "Environment": "Dev",
              "Name": "secure-s3-lambda-secure-bucket"
            },
            "tags_all": {
              "Environment": "Dev",
              "Name": "secure-s3-lambda-secure-bucket"
            },
            "timeouts": null,
            "versioning": [
              {
                "enabled": true,
                "mfa_delete": false
              }
            ],
            "website": [],
            "website_domain": null,
            "website_endpoint": null
          },
          "sensitive_attributes": [],
          "private": "eyJlMmJmYjczMC1lY2FhLTExZTYtOGY4OC0zNDM2M2JjN2M0YzAiOnsiY3JlYXRlIjoxMjAwMDAwMDAwMDAwLCJkZWxldGUiOjM2MDAwMDAwMDAwMDAsInJlYWQiOjEyMDAwMDAwMDAwMDAsInVwZGF0ZSI6MTIwMDAwMDAwMDAwMH19",
          "dependencies": [
            "aws_kms_key.s3_encryption",
            "aws_s3_bucket.logging"
          ]
        }
      ]
    },
    {
      "module": "module.secure_s3_bucket",
      "mode": "managed",
      "type": "aws_s3_bucket_versioning",
      "name": "this",
      "provider": "provider[\"registry.terraform.io/hashicorp/aws\"]",
      "instances": [
        {
          "schema_version": 0,
          "attributes": {
            "bucket": "secure-s3-lambda-secure-bucket",
            "expected_bucket_owner": "",
            "id": "secure-s3-lambda-secure-bucket",
            "mfa": null,
            "versioning_configuration": [
              {
                "mfa_delete": "Disabled",
                "status": "Enabled"
              }
            ]
          },
          "sensitive_attributes": [],
          "private": "bnVsbA==",
          "dependencies": [
            "module.secure_s3_bucket.aws_s3_bucket.this"
          ]
        }
      ]
    }
  ],
  "check_results": null
}
